
Microsoft Visual Studio Solution File, Format Version 12.00
# Visual Studio Version 16
VisualStudioVersion = 16.0.30225.117
MinimumVisualStudioVersion = 10.0.40219.1
Project("{FAE04EC0-301F-11D3-BF4B-00C04F79EFBC}") = "BigO", "BigO.csproj", "{9C9C87F6-7889-4B8F-AAC3-104A07265E4E}"
EndProject
Global
	GlobalSection(SolutionConfigurationPlatforms) = preSolution
		Debug|Any CPU = Debug|Any CPU
		Release|Any CPU = Release|Any CPU
	EndGlobalSection
	GlobalSection(ProjectConfigurationPlatforms) = postSolution
		{9C9C87F6-7889-4B8F-AAC3-104A07265E4E}.Debug|Any CPU.ActiveCfg = Debug|Any CPU
		{9C9C87F6-7889-4B8F-AAC3-104A07265E4E}.Debug|Any CPU.Build.0 = Debug|Any CPU
		{9C9C87F6-7889-4B8F-AAC3-104A07265E4E}.Release|Any CPU.ActiveCfg = Release|Any CPU
		{9C9C87F6-7889-4B8F-AAC3-104A07265E4E}.Release|Any CPU.Build.0 = Release|Any CPU
	EndGlobalSection
	GlobalSection(SolutionProperties) = preSolution
		HideSolutionNode = FALSE
	EndGlobalSection
	GlobalSection(ExtensibilityGlobals) = postSolution
		SolutionGuid = {9B6B7678-3185-4A02-94EA-AE4F060F7F7E}
	EndGlobalSection
EndGlobal
